
Microsoft Visual Studio Solution File, Format Version 12.00
# Visual Studio Version 16
VisualStudioVersion = 16.0.31321.278
MinimumVisualStudioVersion = 10.0.40219.1
Project("{9A19103F-16F7-4668-BE54-9A1E7A4F7556}") = "BlazorMovies.Server", "BlazorMovies\Server\BlazorMovies.Server.csproj", "{9B2255D0-EF95-42AE-BFFC-2831992651BE}"
EndProject
Project("{9A19103F-16F7-4668-BE54-9A1E7A4F7556}") = "BlazorMovies.Client", "BlazorMovies\Client\BlazorMovies.Client.csproj", "{2A05BA0C-380D-49DD-9869-929556F50B37}"
EndProject
Project("{9A19103F-16F7-4668-BE54-9A1E7A4F7556}") = "BlazorMovies.Shared", "BlazorMovies\Shared\BlazorMovies.Shared.csproj", "{1CB479FB-7C9C-414D-ABA5-78D54AC787EA}"
EndProject
Global
	GlobalSection(SolutionConfigurationPlatforms) = preSolution
		Debug|Any CPU = Debug|Any CPU
		Release|Any CPU = Release|Any CPU
	EndGlobalSection
	GlobalSection(ProjectConfigurationPlatforms) = postSolution
		{9B2255D0-EF95-42AE-BFFC-2831992651BE}.Debug|Any CPU.ActiveCfg = Debug|Any CPU
		{9B2255D0-EF95-42AE-BFFC-2831992651BE}.Debug|Any CPU.Build.0 = Debug|Any CPU
		{9B2255D0-EF95-42AE-BFFC-2831992651BE}.Release|Any CPU.ActiveCfg = Release|Any CPU
		{9B2255D0-EF95-42AE-BFFC-2831992651BE}.Release|Any CPU.Build.0 = Release|Any CPU
		{2A05BA0C-380D-49DD-9869-929556F50B37}.Debug|Any CPU.ActiveCfg = Debug|Any CPU
		{2A05BA0C-380D-49DD-9869-929556F50B37}.Debug|Any CPU.Build.0 = Debug|Any CPU
		{2A05BA0C-380D-49DD-9869-929556F50B37}.Release|Any CPU.ActiveCfg = Release|Any CPU
		{2A05BA0C-380D-49DD-9869-929556F50B37}.Release|Any CPU.Build.0 = Release|Any CPU
		{1CB479FB-7C9C-414D-ABA5-78D54AC787EA}.Debug|Any CPU.ActiveCfg = Debug|Any CPU
		{1CB479FB-7C9C-414D-ABA5-78D54AC787EA}.Debug|Any CPU.Build.0 = Debug|Any CPU
		{1CB479FB-7C9C-414D-ABA5-78D54AC787EA}.Release|Any CPU.ActiveCfg = Release|Any CPU
		{1CB479FB-7C9C-414D-ABA5-78D54AC787EA}.Release|Any CPU.Build.0 = Release|Any CPU
	EndGlobalSection
	GlobalSection(SolutionProperties) = preSolution
		HideSolutionNode = FALSE
	EndGlobalSection
	GlobalSection(ExtensibilityGlobals) = postSolution
		SolutionGuid = {B9F9EAF2-0636-44BC-8574-1790E61485F7}
	EndGlobalSection
EndGlobal
